
Microsoft Visual Studio Solution File, Format Version 12.00
# Visual Studio Version 17
VisualStudioVersion = 17.11.35431.28
MinimumVisualStudioVersion = 10.0.40219.1
Project("{FAE04EC0-301F-11D3-BF4B-00C04F79EFBC}") = "backend", "backend.csproj", "{3D9216C6-8491-464F-94A6-808DB9904430}"
EndProject
Global
	GlobalSection(SolutionConfigurationPlatforms) = preSolution
		Debug|Any CPU = Debug|Any CPU
		Release|Any CPU = Release|Any CPU
	EndGlobalSection
	GlobalSection(ProjectConfigurationPlatforms) = postSolution
		{3D9216C6-8491-464F-94A6-808DB9904430}.Debug|Any CPU.ActiveCfg = Debug|Any CPU
		{3D9216C6-8491-464F-94A6-808DB9904430}.Debug|Any CPU.Build.0 = Debug|Any CPU
		{3D9216C6-8491-464F-94A6-808DB9904430}.Release|Any CPU.ActiveCfg = Release|Any CPU
		{3D9216C6-8491-464F-94A6-808DB9904430}.Release|Any CPU.Build.0 = Release|Any CPU
	EndGlobalSection
	GlobalSection(SolutionProperties) = preSolution
		HideSolutionNode = FALSE
	EndGlobalSection
	GlobalSection(ExtensibilityGlobals) = postSolution
		SolutionGuid = {22246BA9-CFF1-4E66-B5C5-EE3EAB61A356}
	EndGlobalSection
EndGlobal
